
Microsoft Visual Studio Solution File, Format Version 11.00
# Visual Studio 2010
Project("{FAE04EC0-301F-11D3-BF4B-00C04F79EFBC}") = "MonoTouchUIPickerView", "MonoTouchUIPickerView\MonoTouchUIPickerView.csproj", "{27AD0E96-7B74-413C-B795-9CDBE84C4B94}"
EndProject
Global
	GlobalSection(SolutionConfigurationPlatforms) = preSolution
		Debug|iPhoneSimulator = Debug|iPhoneSimulator
		Release|iPhoneSimulator = Release|iPhoneSimulator
		Debug|iPhone = Debug|iPhone
		Release|iPhone = Release|iPhone
		Ad-Hoc|iPhone = Ad-Hoc|iPhone
		AppStore|iPhone = AppStore|iPhone
	EndGlobalSection
	GlobalSection(ProjectConfigurationPlatforms) = postSolution
		{27AD0E96-7B74-413C-B795-9CDBE84C4B94}.Ad-Hoc|iPhone.ActiveCfg = Ad-Hoc|iPhone
		{27AD0E96-7B74-413C-B795-9CDBE84C4B94}.Ad-Hoc|iPhone.Build.0 = Ad-Hoc|iPhone
		{27AD0E96-7B74-413C-B795-9CDBE84C4B94}.AppStore|iPhone.ActiveCfg = AppStore|iPhone
		{27AD0E96-7B74-413C-B795-9CDBE84C4B94}.AppStore|iPhone.Build.0 = AppStore|iPhone
		{27AD0E96-7B74-413C-B795-9CDBE84C4B94}.Debug|iPhone.ActiveCfg = Debug|iPhone
		{27AD0E96-7B74-413C-B795-9CDBE84C4B94}.Debug|iPhone.Build.0 = Debug|iPhone
		{27AD0E96-7B74-413C-B795-9CDBE84C4B94}.Debug|iPhoneSimulator.ActiveCfg = Debug|iPhoneSimulator
		{27AD0E96-7B74-413C-B795-9CDBE84C4B94}.Debug|iPhoneSimulator.Build.0 = Debug|iPhoneSimulator
		{27AD0E96-7B74-413C-B795-9CDBE84C4B94}.Release|iPhone.ActiveCfg = Release|iPhone
		{27AD0E96-7B74-413C-B795-9CDBE84C4B94}.Release|iPhone.Build.0 = Release|iPhone
		{27AD0E96-7B74-413C-B795-9CDBE84C4B94}.Release|iPhoneSimulator.ActiveCfg = Release|iPhoneSimulator
		{27AD0E96-7B74-413C-B795-9CDBE84C4B94}.Release|iPhoneSimulator.Build.0 = Release|iPhoneSimulator
	EndGlobalSection
	GlobalSection(MonoDevelopProperties) = preSolution
		StartupItem = MonoTouchUIPickerView\MonoTouchUIPickerView.csproj
	EndGlobalSection
EndGlobal
